
Microsoft Visual Studio Solution File, Format Version 12.00
# Visual Studio 15
VisualStudioVersion = 15.0.28010.2050
MinimumVisualStudioVersion = 10.0.40219.1
Project("{9A19103F-16F7-4668-BE54-9A1E7A4F7556}") = "Blog.Code", "Blog.Code\Blog.Code.csproj", "{15AC6391-736A-4BC5-A222-FD532850CE0B}"
EndProject
Project("{9A19103F-16F7-4668-BE54-9A1E7A4F7556}") = "Blog.Core.Model", "Blog.Core.Model\Blog.Core.Model.csproj", "{B0FD262C-1E59-4B96-A3B3-CA6B796FAD81}"
EndProject
Project("{FAE04EC0-301F-11D3-BF4B-00C04F79EFBC}") = "Repository", "Repository\Repository.csproj", "{B0A0F7CF-F841-4508-9B19-C261129A01B8}"
EndProject
Project("{FAE04EC0-301F-11D3-BF4B-00C04F79EFBC}") = "IRepository", "IRepository\IRepository.csproj", "{DA887F63-6756-43FD-93D5-5841372299F3}"
EndProject
Project("{FAE04EC0-301F-11D3-BF4B-00C04F79EFBC}") = "Service", "Service\Service.csproj", "{7B8CCF94-DA58-4E1F-86FD-E4A76484A974}"
EndProject
Project("{FAE04EC0-301F-11D3-BF4B-00C04F79EFBC}") = "IService", "IService\IService.csproj", "{2C52CED6-F3C6-419C-9B84-4036C2ED938F}"
EndProject
Global
	GlobalSection(SolutionConfigurationPlatforms) = preSolution
		Debug|Any CPU = Debug|Any CPU
		Release|Any CPU = Release|Any CPU
	EndGlobalSection
	GlobalSection(ProjectConfigurationPlatforms) = postSolution
		{15AC6391-736A-4BC5-A222-FD532850CE0B}.Debug|Any CPU.ActiveCfg = Debug|Any CPU
		{15AC6391-736A-4BC5-A222-FD532850CE0B}.Debug|Any CPU.Build.0 = Debug|Any CPU
		{15AC6391-736A-4BC5-A222-FD532850CE0B}.Release|Any CPU.ActiveCfg = Release|Any CPU
		{15AC6391-736A-4BC5-A222-FD532850CE0B}.Release|Any CPU.Build.0 = Release|Any CPU
		{B0FD262C-1E59-4B96-A3B3-CA6B796FAD81}.Debug|Any CPU.ActiveCfg = Debug|Any CPU
		{B0FD262C-1E59-4B96-A3B3-CA6B796FAD81}.Debug|Any CPU.Build.0 = Debug|Any CPU
		{B0FD262C-1E59-4B96-A3B3-CA6B796FAD81}.Release|Any CPU.ActiveCfg = Release|Any CPU
		{B0FD262C-1E59-4B96-A3B3-CA6B796FAD81}.Release|Any CPU.Build.0 = Release|Any CPU
		{B0A0F7CF-F841-4508-9B19-C261129A01B8}.Debug|Any CPU.ActiveCfg = Debug|Any CPU
		{B0A0F7CF-F841-4508-9B19-C261129A01B8}.Debug|Any CPU.Build.0 = Debug|Any CPU
		{B0A0F7CF-F841-4508-9B19-C261129A01B8}.Release|Any CPU.ActiveCfg = Release|Any CPU
		{B0A0F7CF-F841-4508-9B19-C261129A01B8}.Release|Any CPU.Build.0 = Release|Any CPU
		{DA887F63-6756-43FD-93D5-5841372299F3}.Debug|Any CPU.ActiveCfg = Debug|Any CPU
		{DA887F63-6756-43FD-93D5-5841372299F3}.Debug|Any CPU.Build.0 = Debug|Any CPU
		{DA887F63-6756-43FD-93D5-5841372299F3}.Release|Any CPU.ActiveCfg = Release|Any CPU
		{DA887F63-6756-43FD-93D5-5841372299F3}.Release|Any CPU.Build.0 = Release|Any CPU
		{7B8CCF94-DA58-4E1F-86FD-E4A76484A974}.Debug|Any CPU.ActiveCfg = Debug|Any CPU
		{7B8CCF94-DA58-4E1F-86FD-E4A76484A974}.Debug|Any CPU.Build.0 = Debug|Any CPU
		{7B8CCF94-DA58-4E1F-86FD-E4A76484A974}.Release|Any CPU.ActiveCfg = Release|Any CPU
		{7B8CCF94-DA58-4E1F-86FD-E4A76484A974}.Release|Any CPU.Build.0 = Release|Any CPU
		{2C52CED6-F3C6-419C-9B84-4036C2ED938F}.Debug|Any CPU.ActiveCfg = Debug|Any CPU
		{2C52CED6-F3C6-419C-9B84-4036C2ED938F}.Debug|Any CPU.Build.0 = Debug|Any CPU
		{2C52CED6-F3C6-419C-9B84-4036C2ED938F}.Release|Any CPU.ActiveCfg = Release|Any CPU
		{2C52CED6-F3C6-419C-9B84-4036C2ED938F}.Release|Any CPU.Build.0 = Release|Any CPU
	EndGlobalSection
	GlobalSection(SolutionProperties) = preSolution
		HideSolutionNode = FALSE
	EndGlobalSection
	GlobalSection(ExtensibilityGlobals) = postSolution
		SolutionGuid = {2DD7EA5F-9E18-401B-BC07-C43513E9C30A}
	EndGlobalSection
EndGlobal
